// !$*UTF8*$!
{
	archiveVersion = 1;
	classes = {
	};
	objectVersion = 55;
	objects = {

/* Begin PBXBuildFile section */
		47FD1B572894F3810039CE46 /* AppDelegate.swift in Sources */ = {isa = PBXBuildFile; fileRef = 47FD1B562894F3810039CE46 /* AppDelegate.swift */; };
		47FD1B592894F3810039CE46 /* SceneDelegate.swift in Sources */ = {isa = PBXBuildFile; fileRef = 47FD1B582894F3810039CE46 /* SceneDelegate.swift */; };
		47FD1B5B2894F3810039CE46 /* OnBoardingViewController.swift in Sources */ = {isa = PBXBuildFile; fileRef = 47FD1B5A2894F3810039CE46 /* OnBoardingViewController.swift */; };
		47FD1B632894F3830039CE46 /* Assets.xcassets in Resources */ = {isa = PBXBuildFile; fileRef = 47FD1B622894F3830039CE46 /* Assets.xcassets */; };
		47FD1B662894F3830039CE46 /* LaunchScreen.storyboard in Resources */ = {isa = PBXBuildFile; fileRef = 47FD1B642894F3830039CE46 /* LaunchScreen.storyboard */; };
		47FD1B6E2894F84C0039CE46 /* ViewControllerFactory.swift in Sources */ = {isa = PBXBuildFile; fileRef = 47FD1B6D2894F84C0039CE46 /* ViewControllerFactory.swift */; };
		47FD1B762894FF9E0039CE46 /* PageViewController.swift in Sources */ = {isa = PBXBuildFile; fileRef = 47FD1B752894FF9E0039CE46 /* PageViewController.swift */; };
		47FD1B792895054F0039CE46 /* EmptyViewController.swift in Sources */ = {isa = PBXBuildFile; fileRef = 47FD1B782895054F0039CE46 /* EmptyViewController.swift */; };
		47FD1B7D289505ED0039CE46 /* CoreDataCoordinator.swift in Sources */ = {isa = PBXBuildFile; fileRef = 47FD1B7C289505ED0039CE46 /* CoreDataCoordinator.swift */; };
		47FD1B7F289506630039CE46 /* CoreDataProtocol.swift in Sources */ = {isa = PBXBuildFile; fileRef = 47FD1B7E289506630039CE46 /* CoreDataProtocol.swift */; };
		47FD1B81289506C60039CE46 /* Extension.swift in Sources */ = {isa = PBXBuildFile; fileRef = 47FD1B80289506C50039CE46 /* Extension.swift */; };
		47FD1B84289508C90039CE46 /* BestWeatherApp.xcdatamodeld in Sources */ = {isa = PBXBuildFile; fileRef = 47FD1B82289508C90039CE46 /* BestWeatherApp.xcdatamodeld */; };
		47FD1B89289509690039CE46 /* PageViewCoordinator.swift in Sources */ = {isa = PBXBuildFile; fileRef = 47FD1B88289509690039CE46 /* PageViewCoordinator.swift */; };
		47FD1B8B289511E00039CE46 /* ConstValue.swift in Sources */ = {isa = PBXBuildFile; fileRef = 47FD1B8A289511E00039CE46 /* ConstValue.swift */; };
		47FD1B902895210B0039CE46 /* Rubik.ttf in Resources */ = {isa = PBXBuildFile; fileRef = 47FD1B8F2895210B0039CE46 /* Rubik.ttf */; };
		47FD1B93289531B40039CE46 /* City.swift in Sources */ = {isa = PBXBuildFile; fileRef = 47FD1B92289531B40039CE46 /* City.swift */; };
		47FD1B9628953B290039CE46 /* CoreLocation.framework in Frameworks */ = {isa = PBXBuildFile; fileRef = 47FD1B9528953B290039CE46 /* CoreLocation.framework */; };
		47FD1B9A289581AE0039CE46 /* Wheather.swift in Sources */ = {isa = PBXBuildFile; fileRef = 47FD1B99289581AE0039CE46 /* Wheather.swift */; };
		47FD1B9D2895CA470039CE46 /* NetworkService.swift in Sources */ = {isa = PBXBuildFile; fileRef = 47FD1B9C2895CA470039CE46 /* NetworkService.swift */; };
/* End PBXBuildFile section */

/* Begin PBXFileReference section */
		47FD1B532894F3810039CE46 /* BestWeatherApp.app */ = {isa = PBXFileReference; explicitFileType = wrapper.application; includeInIndex = 0; path = BestWeatherApp.app; sourceTree = BUILT_PRODUCTS_DIR; };
		47FD1B562894F3810039CE46 /* AppDelegate.swift */ = {isa = PBXFileReference; lastKnownFileType = sourcecode.swift; path = AppDelegate.swift; sourceTree = "<group>"; };
		47FD1B582894F3810039CE46 /* SceneDelegate.swift */ = {isa = PBXFileReference; lastKnownFileType = sourcecode.swift; path = SceneDelegate.swift; sourceTree = "<group>"; };
		47FD1B5A2894F3810039CE46 /* OnBoardingViewController.swift */ = {isa = PBXFileReference; lastKnownFileType = sourcecode.swift; path = OnBoardingViewController.swift; sourceTree = "<group>"; };
		47FD1B622894F3830039CE46 /* Assets.xcassets */ = {isa = PBXFileReference; lastKnownFileType = folder.assetcatalog; path = Assets.xcassets; sourceTree = "<group>"; };
		47FD1B652894F3830039CE46 /* Base */ = {isa = PBXFileReference; lastKnownFileType = file.storyboard; name = Base; path = Base.lproj/LaunchScreen.storyboard; sourceTree = "<group>"; };
		47FD1B672894F3830039CE46 /* Info.plist */ = {isa = PBXFileReference; lastKnownFileType = text.plist.xml; path = Info.plist; sourceTree = "<group>"; };
		47FD1B6D2894F84C0039CE46 /* ViewControllerFactory.swift */ = {isa = PBXFileReference; lastKnownFileType = sourcecode.swift; path = ViewControllerFactory.swift; sourceTree = "<group>"; };
		47FD1B752894FF9E0039CE46 /* PageViewController.swift */ = {isa = PBXFileReference; lastKnownFileType = sourcecode.swift; path = PageViewController.swift; sourceTree = "<group>"; };
		47FD1B782895054F0039CE46 /* EmptyViewController.swift */ = {isa = PBXFileReference; lastKnownFileType = sourcecode.swift; path = EmptyViewController.swift; sourceTree = "<group>"; };
		47FD1B7C289505ED0039CE46 /* CoreDataCoordinator.swift */ = {isa = PBXFileReference; lastKnownFileType = sourcecode.swift; path = CoreDataCoordinator.swift; sourceTree = "<group>"; };
		47FD1B7E289506630039CE46 /* CoreDataProtocol.swift */ = {isa = PBXFileReference; lastKnownFileType = sourcecode.swift; path = CoreDataProtocol.swift; sourceTree = "<group>"; };
		47FD1B80289506C50039CE46 /* Extension.swift */ = {isa = PBXFileReference; lastKnownFileType = sourcecode.swift; path = Extension.swift; sourceTree = "<group>"; };
		47FD1B83289508C90039CE46 /* BestWeatherApp.xcdatamodel */ = {isa = PBXFileReference; lastKnownFileType = wrapper.xcdatamodel; path = BestWeatherApp.xcdatamodel; sourceTree = "<group>"; };
		47FD1B88289509690039CE46 /* PageViewCoordinator.swift */ = {isa = PBXFileReference; lastKnownFileType = sourcecode.swift; path = PageViewCoordinator.swift; sourceTree = "<group>"; };
		47FD1B8A289511E00039CE46 /* ConstValue.swift */ = {isa = PBXFileReference; lastKnownFileType = sourcecode.swift; path = ConstValue.swift; sourceTree = "<group>"; };
		47FD1B8F2895210B0039CE46 /* Rubik.ttf */ = {isa = PBXFileReference; lastKnownFileType = file; path = Rubik.ttf; sourceTree = "<group>"; };
		47FD1B92289531B40039CE46 /* City.swift */ = {isa = PBXFileReference; lastKnownFileType = sourcecode.swift; path = City.swift; sourceTree = "<group>"; };
		47FD1B9528953B290039CE46 /* CoreLocation.framework */ = {isa = PBXFileReference; lastKnownFileType = wrapper.framework; name = CoreLocation.framework; path = System/Library/Frameworks/CoreLocation.framework; sourceTree = SDKROOT; };
		47FD1B99289581AE0039CE46 /* Wheather.swift */ = {isa = PBXFileReference; lastKnownFileType = sourcecode.swift; path = Wheather.swift; sourceTree = "<group>"; };
		47FD1B9C2895CA470039CE46 /* NetworkService.swift */ = {isa = PBXFileReference; lastKnownFileType = sourcecode.swift; path = NetworkService.swift; sourceTree = "<group>"; };
/* End PBXFileReference section */

/* Begin PBXFrameworksBuildPhase section */
		47FD1B502894F3810039CE46 /* Frameworks */ = {
			isa = PBXFrameworksBuildPhase;
			buildActionMask = 2147483647;
			files = (
				47FD1B9628953B290039CE46 /* CoreLocation.framework in Frameworks */,
			);
			runOnlyForDeploymentPostprocessing = 0;
		};
/* End PBXFrameworksBuildPhase section */

/* Begin PBXGroup section */
		47FD1B4A2894F3810039CE46 = {
			isa = PBXGroup;
			children = (
				47FD1B552894F3810039CE46 /* BestWeatherApp */,
				47FD1B542894F3810039CE46 /* Products */,
				47FD1B9428953B290039CE46 /* Frameworks */,
			);
			sourceTree = "<group>";
		};
		47FD1B542894F3810039CE46 /* Products */ = {
			isa = PBXGroup;
			children = (
				47FD1B532894F3810039CE46 /* BestWeatherApp.app */,
			);
			name = Products;
			sourceTree = "<group>";
		};
		47FD1B552894F3810039CE46 /* BestWeatherApp */ = {
			isa = PBXGroup;
			children = (
				47FD1B9B2895CA0A0039CE46 /* Network */,
				47FD1B6F2894F8ED0039CE46 /* General */,
				47FD1B7B289505DD0039CE46 /* CoreData */,
				47FD1B91289531900039CE46 /* Model */,
				47FD1B772895000E0039CE46 /* PageView */,
				47FD1B702894F8F80039CE46 /* OnBoarding */,
				47FD1B562894F3810039CE46 /* AppDelegate.swift */,
				47FD1B582894F3810039CE46 /* SceneDelegate.swift */,
				47FD1B8C28951F560039CE46 /* Assets */,
				47FD1B642894F3830039CE46 /* LaunchScreen.storyboard */,
				47FD1B672894F3830039CE46 /* Info.plist */,
			);
			path = BestWeatherApp;
			sourceTree = "<group>";
		};
		47FD1B6F2894F8ED0039CE46 /* General */ = {
			isa = PBXGroup;
			children = (
				47FD1B6D2894F84C0039CE46 /* ViewControllerFactory.swift */,
				47FD1B80289506C50039CE46 /* Extension.swift */,
				47FD1B8A289511E00039CE46 /* ConstValue.swift */,
			);
			path = General;
			sourceTree = "<group>";
		};
		47FD1B702894F8F80039CE46 /* OnBoarding */ = {
			isa = PBXGroup;
			children = (
				47FD1B5A2894F3810039CE46 /* OnBoardingViewController.swift */,
			);
			path = OnBoarding;
			sourceTree = "<group>";
		};
		47FD1B772895000E0039CE46 /* PageView */ = {
			isa = PBXGroup;
			children = (
				47FD1B7A289505540039CE46 /* ViewControllers */,
				47FD1B752894FF9E0039CE46 /* PageViewController.swift */,
				47FD1B88289509690039CE46 /* PageViewCoordinator.swift */,
			);
			path = PageView;
			sourceTree = "<group>";
		};
		47FD1B7A289505540039CE46 /* ViewControllers */ = {
			isa = PBXGroup;
			children = (
				47FD1B782895054F0039CE46 /* EmptyViewController.swift */,
			);
			path = ViewControllers;
			sourceTree = "<group>";
		};
		47FD1B7B289505DD0039CE46 /* CoreData */ = {
			isa = PBXGroup;
			children = (
				47FD1B7C289505ED0039CE46 /* CoreDataCoordinator.swift */,
				47FD1B7E289506630039CE46 /* CoreDataProtocol.swift */,
				47FD1B82289508C90039CE46 /* BestWeatherApp.xcdatamodeld */,
			);
			path = CoreData;
			sourceTree = "<group>";
		};
		47FD1B8C28951F560039CE46 /* Assets */ = {
			isa = PBXGroup;
			children = (
				47FD1B8E2895203C0039CE46 /* Fonts */,
				47FD1B622894F3830039CE46 /* Assets.xcassets */,
			);
			path = Assets;
			sourceTree = "<group>";
		};
		47FD1B8E2895203C0039CE46 /* Fonts */ = {
			isa = PBXGroup;
			children = (
				47FD1B8F2895210B0039CE46 /* Rubik.ttf */,
			);
			path = Fonts;
			sourceTree = "<group>";
		};
		47FD1B91289531900039CE46 /* Model */ = {
			isa = PBXGroup;
			children = (
				47FD1B92289531B40039CE46 /* City.swift */,
				47FD1B99289581AE0039CE46 /* Wheather.swift */,
			);
			path = Model;
			sourceTree = "<group>";
		};
		47FD1B9428953B290039CE46 /* Frameworks */ = {
			isa = PBXGroup;
			children = (
				47FD1B9528953B290039CE46 /* CoreLocation.framework */,
			);
			name = Frameworks;
			sourceTree = "<group>";
		};
		47FD1B9B2895CA0A0039CE46 /* Network */ = {
			isa = PBXGroup;
			children = (
				47FD1B9C2895CA470039CE46 /* NetworkService.swift */,
			);
			path = Network;
			sourceTree = "<group>";
		};
/* End PBXGroup section */

/* Begin PBXNativeTarget section */
		47FD1B522894F3810039CE46 /* BestWeatherApp */ = {
			isa = PBXNativeTarget;
			buildConfigurationList = 47FD1B6A2894F3830039CE46 /* Build configuration list for PBXNativeTarget "BestWeatherApp" */;
			buildPhases = (
				47FD1B4F2894F3810039CE46 /* Sources */,
				47FD1B502894F3810039CE46 /* Frameworks */,
				47FD1B512894F3810039CE46 /* Resources */,
			);
			buildRules = (
			);
			dependencies = (
			);
			name = BestWeatherApp;
			productName = BestWeatherApp;
			productReference = 47FD1B532894F3810039CE46 /* BestWeatherApp.app */;
			productType = "com.apple.product-type.application";
		};
/* End PBXNativeTarget section */

/* Begin PBXProject section */
		47FD1B4B2894F3810039CE46 /* Project object */ = {
			isa = PBXProject;
			attributes = {
				BuildIndependentTargetsInParallel = 1;
				LastSwiftUpdateCheck = 1340;
				LastUpgradeCheck = 1340;
				TargetAttributes = {
					47FD1B522894F3810039CE46 = {
						CreatedOnToolsVersion = 13.4.1;
					};
				};
			};
			buildConfigurationList = 47FD1B4E2894F3810039CE46 /* Build configuration list for PBXProject "BestWeatherApp" */;
			compatibilityVersion = "Xcode 13.0";
			developmentRegion = en;
			hasScannedForEncodings = 0;
			knownRegions = (
				en,
				Base,
			);
			mainGroup = 47FD1B4A2894F3810039CE46;
			productRefGroup = 47FD1B542894F3810039CE46 /* Products */;
			projectDirPath = "";
			projectRoot = "";
			targets = (
				47FD1B522894F3810039CE46 /* BestWeatherApp */,
			);
		};
/* End PBXProject section */

/* Begin PBXResourcesBuildPhase section */
		47FD1B512894F3810039CE46 /* Resources */ = {
			isa = PBXResourcesBuildPhase;
			buildActionMask = 2147483647;
			files = (
				47FD1B662894F3830039CE46 /* LaunchScreen.storyboard in Resources */,
				47FD1B902895210B0039CE46 /* Rubik.ttf in Resources */,
				47FD1B632894F3830039CE46 /* Assets.xcassets in Resources */,
			);
			runOnlyForDeploymentPostprocessing = 0;
		};
/* End PBXResourcesBuildPhase section */

/* Begin PBXSourcesBuildPhase section */
		47FD1B4F2894F3810039CE46 /* Sources */ = {
			isa = PBXSourcesBuildPhase;
			buildActionMask = 2147483647;
			files = (
				47FD1B89289509690039CE46 /* PageViewCoordinator.swift in Sources */,
				47FD1B8B289511E00039CE46 /* ConstValue.swift in Sources */,
				47FD1B81289506C60039CE46 /* Extension.swift in Sources */,
				47FD1B7D289505ED0039CE46 /* CoreDataCoordinator.swift in Sources */,
				47FD1B792895054F0039CE46 /* EmptyViewController.swift in Sources */,
				47FD1B9A289581AE0039CE46 /* Wheather.swift in Sources */,
				47FD1B5B2894F3810039CE46 /* OnBoardingViewController.swift in Sources */,
				47FD1B84289508C90039CE46 /* BestWeatherApp.xcdatamodeld in Sources */,
				47FD1B6E2894F84C0039CE46 /* ViewControllerFactory.swift in Sources */,
				47FD1B572894F3810039CE46 /* AppDelegate.swift in Sources */,
				47FD1B9D2895CA470039CE46 /* NetworkService.swift in Sources */,
				47FD1B762894FF9E0039CE46 /* PageViewController.swift in Sources */,
				47FD1B7F289506630039CE46 /* CoreDataProtocol.swift in Sources */,
				47FD1B93289531B40039CE46 /* City.swift in Sources */,
				47FD1B592894F3810039CE46 /* SceneDelegate.swift in Sources */,
			);
			runOnlyForDeploymentPostprocessing = 0;
		};
/* End PBXSourcesBuildPhase section */

/* Begin PBXVariantGroup section */
		47FD1B642894F3830039CE46 /* LaunchScreen.storyboard */ = {
			isa = PBXVariantGroup;
			children = (
				47FD1B652894F3830039CE46 /* Base */,
			);
			name = LaunchScreen.storyboard;
			sourceTree = "<group>";
		};
/* End PBXVariantGroup section */

/* Begin XCBuildConfiguration section */
		47FD1B682894F3830039CE46 /* Debug */ = {
			isa = XCBuildConfiguration;
			buildSettings = {
				ALWAYS_SEARCH_USER_PATHS = NO;
				CLANG_ANALYZER_NONNULL = YES;
				CLANG_ANALYZER_NUMBER_OBJECT_CONVERSION = YES_AGGRESSIVE;
				CLANG_CXX_LANGUAGE_STANDARD = "gnu++17";
				CLANG_ENABLE_MODULES = YES;
				CLANG_ENABLE_OBJC_ARC = YES;
				CLANG_ENABLE_OBJC_WEAK = YES;
				CLANG_WARN_BLOCK_CAPTURE_AUTORELEASING = YES;
				CLANG_WARN_BOOL_CONVERSION = YES;
				CLANG_WARN_COMMA = YES;
				CLANG_WARN_CONSTANT_CONVERSION = YES;
				CLANG_WARN_DEPRECATED_OBJC_IMPLEMENTATIONS = YES;
				CLANG_WARN_DIRECT_OBJC_ISA_USAGE = YES_ERROR;
				CLANG_WARN_DOCUMENTATION_COMMENTS = YES;
				CLANG_WARN_EMPTY_BODY = YES;
				CLANG_WARN_ENUM_CONVERSION = YES;
				CLANG_WARN_INFINITE_RECURSION = YES;
				CLANG_WARN_INT_CONVERSION = YES;
				CLANG_WARN_NON_LITERAL_NULL_CONVERSION = YES;
				CLANG_WARN_OBJC_IMPLICIT_RETAIN_SELF = YES;
				CLANG_WARN_OBJC_LITERAL_CONVERSION = YES;
				CLANG_WARN_OBJC_ROOT_CLASS = YES_ERROR;
				CLANG_WARN_QUOTED_INCLUDE_IN_FRAMEWORK_HEADER = YES;
				CLANG_WARN_RANGE_LOOP_ANALYSIS = YES;
				CLANG_WARN_STRICT_PROTOTYPES = YES;
				CLANG_WARN_SUSPICIOUS_MOVE = YES;
				CLANG_WARN_UNGUARDED_AVAILABILITY = YES_AGGRESSIVE;
				CLANG_WARN_UNREACHABLE_CODE = YES;
				CLANG_WARN__DUPLICATE_METHOD_MATCH = YES;
				COPY_PHASE_STRIP = NO;
				DEBUG_INFORMATION_FORMAT = dwarf;
				ENABLE_STRICT_OBJC_MSGSEND = YES;
				ENABLE_TESTABILITY = YES;
				GCC_C_LANGUAGE_STANDARD = gnu11;
				GCC_DYNAMIC_NO_PIC = NO;
				GCC_NO_COMMON_BLOCKS = YES;
				GCC_OPTIMIZATION_LEVEL = 0;
				GCC_PREPROCESSOR_DEFINITIONS = (
					"DEBUG=1",
					"$(inherited)",
				);
				GCC_WARN_64_TO_32_BIT_CONVERSION = YES;
				GCC_WARN_ABOUT_RETURN_TYPE = YES_ERROR;
				GCC_WARN_UNDECLARED_SELECTOR = YES;
				GCC_WARN_UNINITIALIZED_AUTOS = YES_AGGRESSIVE;
				GCC_WARN_UNUSED_FUNCTION = YES;
				GCC_WARN_UNUSED_VARIABLE = YES;
				IPHONEOS_DEPLOYMENT_TARGET = 14.0;
				MTL_ENABLE_DEBUG_INFO = INCLUDE_SOURCE;
				MTL_FAST_MATH = YES;
				ONLY_ACTIVE_ARCH = YES;
				SDKROOT = iphoneos;
				SWIFT_ACTIVE_COMPILATION_CONDITIONS = DEBUG;
				SWIFT_OPTIMIZATION_LEVEL = "-Onone";
			};
			name = Debug;
		};
		47FD1B692894F3830039CE46 /* Release */ = {
			isa = XCBuildConfiguration;
			buildSettings = {
				ALWAYS_SEARCH_USER_PATHS = NO;
				CLANG_ANALYZER_NONNULL = YES;
				CLANG_ANALYZER_NUMBER_OBJECT_CONVERSION = YES_AGGRESSIVE;
				CLANG_CXX_LANGUAGE_STANDARD = "gnu++17";
				CLANG_ENABLE_MODULES = YES;
				CLANG_ENABLE_OBJC_ARC = YES;
				CLANG_ENABLE_OBJC_WEAK = YES;
				CLANG_WARN_BLOCK_CAPTURE_AUTORELEASING = YES;
				CLANG_WARN_BOOL_CONVERSION = YES;
				CLANG_WARN_COMMA = YES;
				CLANG_WARN_CONSTANT_CONVERSION = YES;
				CLANG_WARN_DEPRECATED_OBJC_IMPLEMENTATIONS = YES;
				CLANG_WARN_DIRECT_OBJC_ISA_USAGE = YES_ERROR;
				CLANG_WARN_DOCUMENTATION_COMMENTS = YES;
				CLANG_WARN_EMPTY_BODY = YES;
				CLANG_WARN_ENUM_CONVERSION = YES;
				CLANG_WARN_INFINITE_RECURSION = YES;
				CLANG_WARN_INT_CONVERSION = YES;
				CLANG_WARN_NON_LITERAL_NULL_CONVERSION = YES;
				CLANG_WARN_OBJC_IMPLICIT_RETAIN_SELF = YES;
				CLANG_WARN_OBJC_LITERAL_CONVERSION = YES;
				CLANG_WARN_OBJC_ROOT_CLASS = YES_ERROR;
				CLANG_WARN_QUOTED_INCLUDE_IN_FRAMEWORK_HEADER = YES;
				CLANG_WARN_RANGE_LOOP_ANALYSIS = YES;
				CLANG_WARN_STRICT_PROTOTYPES = YES;
				CLANG_WARN_SUSPICIOUS_MOVE = YES;
				CLANG_WARN_UNGUARDED_AVAILABILITY = YES_AGGRESSIVE;
				CLANG_WARN_UNREACHABLE_CODE = YES;
				CLANG_WARN__DUPLICATE_METHOD_MATCH = YES;
				COPY_PHASE_STRIP = NO;
				DEBUG_INFORMATION_FORMAT = "dwarf-with-dsym";
				ENABLE_NS_ASSERTIONS = NO;
				ENABLE_STRICT_OBJC_MSGSEND = YES;
				GCC_C_LANGUAGE_STANDARD = gnu11;
				GCC_NO_COMMON_BLOCKS = YES;
				GCC_WARN_64_TO_32_BIT_CONVERSION = YES;
				GCC_WARN_ABOUT_RETURN_TYPE = YES_ERROR;
				GCC_WARN_UNDECLARED_SELECTOR = YES;
				GCC_WARN_UNINITIALIZED_AUTOS = YES_AGGRESSIVE;
				GCC_WARN_UNUSED_FUNCTION = YES;
				GCC_WARN_UNUSED_VARIABLE = YES;
				IPHONEOS_DEPLOYMENT_TARGET = 14.0;
				MTL_ENABLE_DEBUG_INFO = NO;
				MTL_FAST_MATH = YES;
				SDKROOT = iphoneos;
				SWIFT_COMPILATION_MODE = wholemodule;
				SWIFT_OPTIMIZATION_LEVEL = "-O";
				VALIDATE_PRODUCT = YES;
			};
			name = Release;
		};
		47FD1B6B2894F3830039CE46 /* Debug */ = {
			isa = XCBuildConfiguration;
			buildSettings = {
				ASSETCATALOG_COMPILER_APPICON_NAME = AppIcon;
				ASSETCATALOG_COMPILER_GLOBAL_ACCENT_COLOR_NAME = AccentColor;
				CODE_SIGN_STYLE = Automatic;
				CURRENT_PROJECT_VERSION = 1;
				DEVELOPMENT_TEAM = 9888QYUA9Y;
				GENERATE_INFOPLIST_FILE = YES;
				INFOPLIST_FILE = BestWeatherApp/Info.plist;
				INFOPLIST_KEY_UIApplicationSupportsIndirectInputEvents = YES;
				INFOPLIST_KEY_UILaunchStoryboardName = LaunchScreen;
				INFOPLIST_KEY_UISupportedInterfaceOrientations = UIInterfaceOrientationPortrait;
				INFOPLIST_KEY_UISupportedInterfaceOrientations_iPad = "UIInterfaceOrientationPortrait UIInterfaceOrientationPortraitUpsideDown";
				INFOPLIST_KEY_UISupportedInterfaceOrientations_iPhone = "UIInterfaceOrientationPortrait UIInterfaceOrientationLandscapeLeft UIInterfaceOrientationLandscapeRight";
				IPHONEOS_DEPLOYMENT_TARGET = 14.0;
				LD_RUNPATH_SEARCH_PATHS = (
					"$(inherited)",
					"@executable_path/Frameworks",
				);
				MARKETING_VERSION = 1.0;
				PRODUCT_BUNDLE_IDENTIFIER = "Lazarev-ES.BestWeatherApp";
				PRODUCT_NAME = "$(TARGET_NAME)";
				SWIFT_EMIT_LOC_STRINGS = YES;
				SWIFT_VERSION = 5.0;
				TARGETED_DEVICE_FAMILY = "1,2";
			};
			name = Debug;
		};
		47FD1B6C2894F3830039CE46 /* Release */ = {
			isa = XCBuildConfiguration;
			buildSettings = {
				ASSETCATALOG_COMPILER_APPICON_NAME = AppIcon;
				ASSETCATALOG_COMPILER_GLOBAL_ACCENT_COLOR_NAME = AccentColor;
				CODE_SIGN_STYLE = Automatic;
				CURRENT_PROJECT_VERSION = 1;
				DEVELOPMENT_TEAM = 9888QYUA9Y;
				GENERATE_INFOPLIST_FILE = YES;
				INFOPLIST_FILE = BestWeatherApp/Info.plist;
				INFOPLIST_KEY_UIApplicationSupportsIndirectInputEvents = YES;
				INFOPLIST_KEY_UILaunchStoryboardName = LaunchScreen;
				INFOPLIST_KEY_UISupportedInterfaceOrientations = UIInterfaceOrientationPortrait;
				INFOPLIST_KEY_UISupportedInterfaceOrientations_iPad = "UIInterfaceOrientationPortrait UIInterfaceOrientationPortraitUpsideDown";
				INFOPLIST_KEY_UISupportedInterfaceOrientations_iPhone = "UIInterfaceOrientationPortrait UIInterfaceOrientationLandscapeLeft UIInterfaceOrientationLandscapeRight";
				IPHONEOS_DEPLOYMENT_TARGET = 14.0;
				LD_RUNPATH_SEARCH_PATHS = (
					"$(inherited)",
					"@executable_path/Frameworks",
				);
				MARKETING_VERSION = 1.0;
				PRODUCT_BUNDLE_IDENTIFIER = "Lazarev-ES.BestWeatherApp";
				PRODUCT_NAME = "$(TARGET_NAME)";
				SWIFT_EMIT_LOC_STRINGS = YES;
				SWIFT_VERSION = 5.0;
				TARGETED_DEVICE_FAMILY = "1,2";
			};
			name = Release;
		};
/* End XCBuildConfiguration section */

/* Begin XCConfigurationList section */
		47FD1B4E2894F3810039CE46 /* Build configuration list for PBXProject "BestWeatherApp" */ = {
			isa = XCConfigurationList;
			buildConfigurations = (
				47FD1B682894F3830039CE46 /* Debug */,
				47FD1B692894F3830039CE46 /* Release */,
			);
			defaultConfigurationIsVisible = 0;
			defaultConfigurationName = Release;
		};
		47FD1B6A2894F3830039CE46 /* Build configuration list for PBXNativeTarget "BestWeatherApp" */ = {
			isa = XCConfigurationList;
			buildConfigurations = (
				47FD1B6B2894F3830039CE46 /* Debug */,
				47FD1B6C2894F3830039CE46 /* Release */,
			);
			defaultConfigurationIsVisible = 0;
			defaultConfigurationName = Release;
		};
/* End XCConfigurationList section */

/* Begin XCVersionGroup section */
		47FD1B82289508C90039CE46 /* BestWeatherApp.xcdatamodeld */ = {
			isa = XCVersionGroup;
			children = (
				47FD1B83289508C90039CE46 /* BestWeatherApp.xcdatamodel */,
			);
			currentVersion = 47FD1B83289508C90039CE46 /* BestWeatherApp.xcdatamodel */;
			path = BestWeatherApp.xcdatamodeld;
			sourceTree = "<group>";
			versionGroupType = wrapper.xcdatamodel;
		};
/* End XCVersionGroup section */
	};
	rootObject = 47FD1B4B2894F3810039CE46 /* Project object */;
}
